
Microsoft Visual Studio Solution File, Format Version 12.00
# Visual Studio Version 17
VisualStudioVersion = 17.14.36915.13 d17.14
MinimumVisualStudioVersion = 10.0.40219.1
Project("{8BC9CEB8-8B4A-11D0-8D11-00A0C91BC942}") = "Section_20_GenericArrayTemplateClass", "Section_20_GenericArrayTemplateClass\Section_20_GenericArrayTemplateClass.vcxproj", "{7FB0FBE4-15AF-4718-B3A2-6DE166660904}"
EndProject
Global
	GlobalSection(SolutionConfigurationPlatforms) = preSolution
		Debug|x64 = Debug|x64
		Debug|x86 = Debug|x86
		Release|x64 = Release|x64
		Release|x86 = Release|x86
	EndGlobalSection
	GlobalSection(ProjectConfigurationPlatforms) = postSolution
		{7FB0FBE4-15AF-4718-B3A2-6DE166660904}.Debug|x64.ActiveCfg = Debug|x64
		{7FB0FBE4-15AF-4718-B3A2-6DE166660904}.Debug|x64.Build.0 = Debug|x64
		{7FB0FBE4-15AF-4718-B3A2-6DE166660904}.Debug|x86.ActiveCfg = Debug|Win32
		{7FB0FBE4-15AF-4718-B3A2-6DE166660904}.Debug|x86.Build.0 = Debug|Win32
		{7FB0FBE4-15AF-4718-B3A2-6DE166660904}.Release|x64.ActiveCfg = Release|x64
		{7FB0FBE4-15AF-4718-B3A2-6DE166660904}.Release|x64.Build.0 = Release|x64
		{7FB0FBE4-15AF-4718-B3A2-6DE166660904}.Release|x86.ActiveCfg = Release|Win32
		{7FB0FBE4-15AF-4718-B3A2-6DE166660904}.Release|x86.Build.0 = Release|Win32
	EndGlobalSection
	GlobalSection(SolutionProperties) = preSolution
		HideSolutionNode = FALSE
	EndGlobalSection
	GlobalSection(ExtensibilityGlobals) = postSolution
		SolutionGuid = {642C21B6-3E22-49B9-BAB6-D13CD3579926}
	EndGlobalSection
EndGlobal
