
Microsoft Visual Studio Solution File, Format Version 12.00
# Visual Studio Version 17
VisualStudioVersion = 17.13.35828.75 d17.13
MinimumVisualStudioVersion = 10.0.40219.1
Project("{8BC9CEB8-8B4A-11D0-8D11-00A0C91BC942}") = "FunctionParameters", "FunctionParameters.vcxproj", "{24A70144-748C-40AE-AE7D-96603316A0DB}"
EndProject
Global
	GlobalSection(SolutionConfigurationPlatforms) = preSolution
		Debug|x64 = Debug|x64
		Debug|x86 = Debug|x86
		Release|x64 = Release|x64
		Release|x86 = Release|x86
	EndGlobalSection
	GlobalSection(ProjectConfigurationPlatforms) = postSolution
		{24A70144-748C-40AE-AE7D-96603316A0DB}.Debug|x64.ActiveCfg = Debug|x64
		{24A70144-748C-40AE-AE7D-96603316A0DB}.Debug|x64.Build.0 = Debug|x64
		{24A70144-748C-40AE-AE7D-96603316A0DB}.Debug|x86.ActiveCfg = Debug|Win32
		{24A70144-748C-40AE-AE7D-96603316A0DB}.Debug|x86.Build.0 = Debug|Win32
		{24A70144-748C-40AE-AE7D-96603316A0DB}.Release|x64.ActiveCfg = Release|x64
		{24A70144-748C-40AE-AE7D-96603316A0DB}.Release|x64.Build.0 = Release|x64
		{24A70144-748C-40AE-AE7D-96603316A0DB}.Release|x86.ActiveCfg = Release|Win32
		{24A70144-748C-40AE-AE7D-96603316A0DB}.Release|x86.Build.0 = Release|Win32
	EndGlobalSection
	GlobalSection(SolutionProperties) = preSolution
		HideSolutionNode = FALSE
	EndGlobalSection
	GlobalSection(ExtensibilityGlobals) = postSolution
		SolutionGuid = {CCC1337A-6C4D-4B70-B882-317F263D065B}
	EndGlobalSection
EndGlobal
