
Microsoft Visual Studio Solution File, Format Version 12.00
# Visual Studio Version 17
VisualStudioVersion = 17.11.35327.3
MinimumVisualStudioVersion = 10.0.40219.1
Project("{8BC9CEB8-8B4A-11D0-8D11-00A0C91BC942}") = "Reading_From_Filees", "Reading_From_Filees\Reading_From_Filees.vcxproj", "{8B568732-DAD4-40D1-BC16-C925277C167E}"
EndProject
Global
	GlobalSection(SolutionConfigurationPlatforms) = preSolution
		Debug|x64 = Debug|x64
		Debug|x86 = Debug|x86
		Release|x64 = Release|x64
		Release|x86 = Release|x86
	EndGlobalSection
	GlobalSection(ProjectConfigurationPlatforms) = postSolution
		{8B568732-DAD4-40D1-BC16-C925277C167E}.Debug|x64.ActiveCfg = Debug|x64
		{8B568732-DAD4-40D1-BC16-C925277C167E}.Debug|x64.Build.0 = Debug|x64
		{8B568732-DAD4-40D1-BC16-C925277C167E}.Debug|x86.ActiveCfg = Debug|Win32
		{8B568732-DAD4-40D1-BC16-C925277C167E}.Debug|x86.Build.0 = Debug|Win32
		{8B568732-DAD4-40D1-BC16-C925277C167E}.Release|x64.ActiveCfg = Release|x64
		{8B568732-DAD4-40D1-BC16-C925277C167E}.Release|x64.Build.0 = Release|x64
		{8B568732-DAD4-40D1-BC16-C925277C167E}.Release|x86.ActiveCfg = Release|Win32
		{8B568732-DAD4-40D1-BC16-C925277C167E}.Release|x86.Build.0 = Release|Win32
	EndGlobalSection
	GlobalSection(SolutionProperties) = preSolution
		HideSolutionNode = FALSE
	EndGlobalSection
	GlobalSection(ExtensibilityGlobals) = postSolution
		SolutionGuid = {11B074E9-7584-4D94-A9B7-9ADB63D17024}
	EndGlobalSection
EndGlobal
