
Microsoft Visual Studio Solution File, Format Version 12.00
# Visual Studio Version 17
VisualStudioVersion = 17.14.36811.4 d17.14
MinimumVisualStudioVersion = 10.0.40219.1
Project("{8BC9CEB8-8B4A-11D0-8D11-00A0C91BC942}") = "Section_14_Operator_Overloading_Section_Challenge", "Section_14_Operator_Overloading_Section_Challenge.vcxproj", "{15940627-3424-4E97-96B7-D3D7213B4C20}"
EndProject
Global
	GlobalSection(SolutionConfigurationPlatforms) = preSolution
		Debug|x64 = Debug|x64
		Debug|x86 = Debug|x86
		Release|x64 = Release|x64
		Release|x86 = Release|x86
	EndGlobalSection
	GlobalSection(ProjectConfigurationPlatforms) = postSolution
		{15940627-3424-4E97-96B7-D3D7213B4C20}.Debug|x64.ActiveCfg = Debug|x64
		{15940627-3424-4E97-96B7-D3D7213B4C20}.Debug|x64.Build.0 = Debug|x64
		{15940627-3424-4E97-96B7-D3D7213B4C20}.Debug|x86.ActiveCfg = Debug|Win32
		{15940627-3424-4E97-96B7-D3D7213B4C20}.Debug|x86.Build.0 = Debug|Win32
		{15940627-3424-4E97-96B7-D3D7213B4C20}.Release|x64.ActiveCfg = Release|x64
		{15940627-3424-4E97-96B7-D3D7213B4C20}.Release|x64.Build.0 = Release|x64
		{15940627-3424-4E97-96B7-D3D7213B4C20}.Release|x86.ActiveCfg = Release|Win32
		{15940627-3424-4E97-96B7-D3D7213B4C20}.Release|x86.Build.0 = Release|Win32
	EndGlobalSection
	GlobalSection(SolutionProperties) = preSolution
		HideSolutionNode = FALSE
	EndGlobalSection
	GlobalSection(ExtensibilityGlobals) = postSolution
		SolutionGuid = {551FF52F-CE23-4FD3-AB3F-C5604833432A}
	EndGlobalSection
EndGlobal
